// !$*UTF8*$!
{
	archiveVersion = 1;
	classes = {
	};
	objectVersion = 46;
	objects = {

/* Begin PBXBuildFile section */
		79BDA2831C1142D70049F912 /* main.m in Sources */ = {isa = PBXBuildFile; fileRef = 79BDA2821C1142D70049F912 /* main.m */; };
		79BDA2861C1142D70049F912 /* AppDelegate.m in Sources */ = {isa = PBXBuildFile; fileRef = 79BDA2851C1142D70049F912 /* AppDelegate.m */; };
		79BDA28C1C1142D70049F912 /* Main.storyboard in Resources */ = {isa = PBXBuildFile; fileRef = 79BDA28A1C1142D70049F912 /* Main.storyboard */; };
		79BDA28E1C1142D70049F912 /* Assets.xcassets in Resources */ = {isa = PBXBuildFile; fileRef = 79BDA28D1C1142D70049F912 /* Assets.xcassets */; };
		79BDA2911C1142D70049F912 /* LaunchScreen.storyboard in Resources */ = {isa = PBXBuildFile; fileRef = 79BDA28F1C1142D70049F912 /* LaunchScreen.storyboard */; };
		79BDA29C1C1142D70049F912 /* Creat_A_Simple_ProjectTests.m in Sources */ = {isa = PBXBuildFile; fileRef = 79BDA29B1C1142D70049F912 /* Creat_A_Simple_ProjectTests.m */; };
		79BDA2A71C1142D70049F912 /* Creat_A_Simple_ProjectUITests.m in Sources */ = {isa = PBXBuildFile; fileRef = 79BDA2A61C1142D70049F912 /* Creat_A_Simple_ProjectUITests.m */; };
		79BDA2B61C1144970049F912 /* MainTabBarController.m in Sources */ = {isa = PBXBuildFile; fileRef = 79BDA2B51C1144970049F912 /* MainTabBarController.m */; };
		79BDA2B91C1144B60049F912 /* MainNavigationController.m in Sources */ = {isa = PBXBuildFile; fileRef = 79BDA2B81C1144B60049F912 /* MainNavigationController.m */; };
		79BDA2BC1C1144E00049F912 /* BaseViewController.m in Sources */ = {isa = PBXBuildFile; fileRef = 79BDA2BB1C1144E00049F912 /* BaseViewController.m */; };
/* End PBXBuildFile section */

/* Begin PBXContainerItemProxy section */
		79BDA2981C1142D70049F912 /* PBXContainerItemProxy */ = {
			isa = PBXContainerItemProxy;
			containerPortal = 79BDA2761C1142D60049F912 /* Project object */;
			proxyType = 1;
			remoteGlobalIDString = 79BDA27D1C1142D70049F912;
			remoteInfo = Creat_A_Simple_Project;
		};
		79BDA2A31C1142D70049F912 /* PBXContainerItemProxy */ = {
			isa = PBXContainerItemProxy;
			containerPortal = 79BDA2761C1142D60049F912 /* Project object */;
			proxyType = 1;
			remoteGlobalIDString = 79BDA27D1C1142D70049F912;
			remoteInfo = Creat_A_Simple_Project;
		};
/* End PBXContainerItemProxy section */

/* Begin PBXFileReference section */
		79BDA27E1C1142D70049F912 /* Creat_A_Simple_Project.app */ = {isa = PBXFileReference; explicitFileType = wrapper.application; includeInIndex = 0; path = Creat_A_Simple_Project.app; sourceTree = BUILT_PRODUCTS_DIR; };
		79BDA2821C1142D70049F912 /* main.m */ = {isa = PBXFileReference; lastKnownFileType = sourcecode.c.objc; path = main.m; sourceTree = "<group>"; };
		79BDA2841C1142D70049F912 /* AppDelegate.h */ = {isa = PBXFileReference; lastKnownFileType = sourcecode.c.h; path = AppDelegate.h; sourceTree = "<group>"; };
		79BDA2851C1142D70049F912 /* AppDelegate.m */ = {isa = PBXFileReference; lastKnownFileType = sourcecode.c.objc; path = AppDelegate.m; sourceTree = "<group>"; };
		79BDA28B1C1142D70049F912 /* Base */ = {isa = PBXFileReference; lastKnownFileType = file.storyboard; name = Base; path = Base.lproj/Main.storyboard; sourceTree = "<group>"; };
		79BDA28D1C1142D70049F912 /* Assets.xcassets */ = {isa = PBXFileReference; lastKnownFileType = folder.assetcatalog; path = Assets.xcassets; sourceTree = "<group>"; };
		79BDA2901C1142D70049F912 /* Base */ = {isa = PBXFileReference; lastKnownFileType = file.storyboard; name = Base; path = Base.lproj/LaunchScreen.storyboard; sourceTree = "<group>"; };
		79BDA2921C1142D70049F912 /* Info.plist */ = {isa = PBXFileReference; lastKnownFileType = text.plist.xml; path = Info.plist; sourceTree = "<group>"; };
		79BDA2971C1142D70049F912 /* Creat_A_Simple_ProjectTests.xctest */ = {isa = PBXFileReference; explicitFileType = wrapper.cfbundle; includeInIndex = 0; path = Creat_A_Simple_ProjectTests.xctest; sourceTree = BUILT_PRODUCTS_DIR; };
		79BDA29B1C1142D70049F912 /* Creat_A_Simple_ProjectTests.m */ = {isa = PBXFileReference; lastKnownFileType = sourcecode.c.objc; path = Creat_A_Simple_ProjectTests.m; sourceTree = "<group>"; };
		79BDA29D1C1142D70049F912 /* Info.plist */ = {isa = PBXFileReference; lastKnownFileType = text.plist.xml; path = Info.plist; sourceTree = "<group>"; };
		79BDA2A21C1142D70049F912 /* Creat_A_Simple_ProjectUITests.xctest */ = {isa = PBXFileReference; explicitFileType = wrapper.cfbundle; includeInIndex = 0; path = Creat_A_Simple_ProjectUITests.xctest; sourceTree = BUILT_PRODUCTS_DIR; };
		79BDA2A61C1142D70049F912 /* Creat_A_Simple_ProjectUITests.m */ = {isa = PBXFileReference; lastKnownFileType = sourcecode.c.objc; path = Creat_A_Simple_ProjectUITests.m; sourceTree = "<group>"; };
		79BDA2A81C1142D70049F912 /* Info.plist */ = {isa = PBXFileReference; lastKnownFileType = text.plist.xml; path = Info.plist; sourceTree = "<group>"; };
		79BDA2B41C1144970049F912 /* MainTabBarController.h */ = {isa = PBXFileReference; fileEncoding = 4; lastKnownFileType = sourcecode.c.h; path = MainTabBarController.h; sourceTree = "<group>"; };
		79BDA2B51C1144970049F912 /* MainTabBarController.m */ = {isa = PBXFileReference; fileEncoding = 4; lastKnownFileType = sourcecode.c.objc; path = MainTabBarController.m; sourceTree = "<group>"; };
		79BDA2B71C1144B60049F912 /* MainNavigationController.h */ = {isa = PBXFileReference; fileEncoding = 4; lastKnownFileType = sourcecode.c.h; path = MainNavigationController.h; sourceTree = "<group>"; };
		79BDA2B81C1144B60049F912 /* MainNavigationController.m */ = {isa = PBXFileReference; fileEncoding = 4; lastKnownFileType = sourcecode.c.objc; path = MainNavigationController.m; sourceTree = "<group>"; };
		79BDA2BA1C1144E00049F912 /* BaseViewController.h */ = {isa = PBXFileReference; fileEncoding = 4; lastKnownFileType = sourcecode.c.h; path = BaseViewController.h; sourceTree = "<group>"; };
		79BDA2BB1C1144E00049F912 /* BaseViewController.m */ = {isa = PBXFileReference; fileEncoding = 4; lastKnownFileType = sourcecode.c.objc; path = BaseViewController.m; sourceTree = "<group>"; };
/* End PBXFileReference section */

/* Begin PBXFrameworksBuildPhase section */
		79BDA27B1C1142D70049F912 /* Frameworks */ = {
			isa = PBXFrameworksBuildPhase;
			buildActionMask = 2147483647;
			files = (
			);
			runOnlyForDeploymentPostprocessing = 0;
		};
		79BDA2941C1142D70049F912 /* Frameworks */ = {
			isa = PBXFrameworksBuildPhase;
			buildActionMask = 2147483647;
			files = (
			);
			runOnlyForDeploymentPostprocessing = 0;
		};
		79BDA29F1C1142D70049F912 /* Frameworks */ = {
			isa = PBXFrameworksBuildPhase;
			buildActionMask = 2147483647;
			files = (
			);
			runOnlyForDeploymentPostprocessing = 0;
		};
/* End PBXFrameworksBuildPhase section */

/* Begin PBXGroup section */
		79BDA2751C1142D60049F912 = {
			isa = PBXGroup;
			children = (
				79BDA2801C1142D70049F912 /* Creat_A_Simple_Project */,
				79BDA29A1C1142D70049F912 /* Creat_A_Simple_ProjectTests */,
				79BDA2A51C1142D70049F912 /* Creat_A_Simple_ProjectUITests */,
				79BDA27F1C1142D70049F912 /* Products */,
			);
			sourceTree = "<group>";
		};
		79BDA27F1C1142D70049F912 /* Products */ = {
			isa = PBXGroup;
			children = (
				79BDA27E1C1142D70049F912 /* Creat_A_Simple_Project.app */,
				79BDA2971C1142D70049F912 /* Creat_A_Simple_ProjectTests.xctest */,
				79BDA2A21C1142D70049F912 /* Creat_A_Simple_ProjectUITests.xctest */,
			);
			name = Products;
			sourceTree = "<group>";
		};
		79BDA2801C1142D70049F912 /* Creat_A_Simple_Project */ = {
			isa = PBXGroup;
			children = (
				79BDA2841C1142D70049F912 /* AppDelegate.h */,
				79BDA2851C1142D70049F912 /* AppDelegate.m */,
				79BDA2B41C1144970049F912 /* MainTabBarController.h */,
				79BDA2B51C1144970049F912 /* MainTabBarController.m */,
				79BDA2B71C1144B60049F912 /* MainNavigationController.h */,
				79BDA2B81C1144B60049F912 /* MainNavigationController.m */,
				79BDA2BA1C1144E00049F912 /* BaseViewController.h */,
				79BDA2BB1C1144E00049F912 /* BaseViewController.m */,
				79BDA28A1C1142D70049F912 /* Main.storyboard */,
				79BDA28D1C1142D70049F912 /* Assets.xcassets */,
				79BDA28F1C1142D70049F912 /* LaunchScreen.storyboard */,
				79BDA2921C1142D70049F912 /* Info.plist */,
				79BDA2811C1142D70049F912 /* Supporting Files */,
			);
			path = Creat_A_Simple_Project;
			sourceTree = "<group>";
		};
		79BDA2811C1142D70049F912 /* Supporting Files */ = {
			isa = PBXGroup;
			children = (
				79BDA2821C1142D70049F912 /* main.m */,
			);
			name = "Supporting Files";
			sourceTree = "<group>";
		};
		79BDA29A1C1142D70049F912 /* Creat_A_Simple_ProjectTests */ = {
			isa = PBXGroup;
			children = (
				79BDA29B1C1142D70049F912 /* Creat_A_Simple_ProjectTests.m */,
				79BDA29D1C1142D70049F912 /* Info.plist */,
			);
			path = Creat_A_Simple_ProjectTests;
			sourceTree = "<group>";
		};
		79BDA2A51C1142D70049F912 /* Creat_A_Simple_ProjectUITests */ = {
			isa = PBXGroup;
			children = (
				79BDA2A61C1142D70049F912 /* Creat_A_Simple_ProjectUITests.m */,
				79BDA2A81C1142D70049F912 /* Info.plist */,
			);
			path = Creat_A_Simple_ProjectUITests;
			sourceTree = "<group>";
		};
/* End PBXGroup section */

/* Begin PBXNativeTarget section */
		79BDA27D1C1142D70049F912 /* Creat_A_Simple_Project */ = {
			isa = PBXNativeTarget;
			buildConfigurationList = 79BDA2AB1C1142D70049F912 /* Build configuration list for PBXNativeTarget "Creat_A_Simple_Project" */;
			buildPhases = (
				79BDA27A1C1142D70049F912 /* Sources */,
				79BDA27B1C1142D70049F912 /* Frameworks */,
				79BDA27C1C1142D70049F912 /* Resources */,
			);
			buildRules = (
			);
			dependencies = (
			);
			name = Creat_A_Simple_Project;
			productName = Creat_A_Simple_Project;
			productReference = 79BDA27E1C1142D70049F912 /* Creat_A_Simple_Project.app */;
			productType = "com.apple.product-type.application";
		};
		79BDA2961C1142D70049F912 /* Creat_A_Simple_ProjectTests */ = {
			isa = PBXNativeTarget;
			buildConfigurationList = 79BDA2AE1C1142D70049F912 /* Build configuration list for PBXNativeTarget "Creat_A_Simple_ProjectTests" */;
			buildPhases = (
				79BDA2931C1142D70049F912 /* Sources */,
				79BDA2941C1142D70049F912 /* Frameworks */,
				79BDA2951C1142D70049F912 /* Resources */,
			);
			buildRules = (
			);
			dependencies = (
				79BDA2991C1142D70049F912 /* PBXTargetDependency */,
			);
			name = Creat_A_Simple_ProjectTests;
			productName = Creat_A_Simple_ProjectTests;
			productReference = 79BDA2971C1142D70049F912 /* Creat_A_Simple_ProjectTests.xctest */;
			productType = "com.apple.product-type.bundle.unit-test";
		};
		79BDA2A11C1142D70049F912 /* Creat_A_Simple_ProjectUITests */ = {
			isa = PBXNativeTarget;
			buildConfigurationList = 79BDA2B11C1142D70049F912 /* Build configuration list for PBXNativeTarget "Creat_A_Simple_ProjectUITests" */;
			buildPhases = (
				79BDA29E1C1142D70049F912 /* Sources */,
				79BDA29F1C1142D70049F912 /* Frameworks */,
				79BDA2A01C1142D70049F912 /* Resources */,
			);
			buildRules = (
			);
			dependencies = (
				79BDA2A41C1142D70049F912 /* PBXTargetDependency */,
			);
			name = Creat_A_Simple_ProjectUITests;
			productName = Creat_A_Simple_ProjectUITests;
			productReference = 79BDA2A21C1142D70049F912 /* Creat_A_Simple_ProjectUITests.xctest */;
			productType = "com.apple.product-type.bundle.ui-testing";
		};
/* End PBXNativeTarget section */

/* Begin PBXProject section */
		79BDA2761C1142D60049F912 /* Project object */ = {
			isa = PBXProject;
			attributes = {
				LastUpgradeCheck = 0710;
				ORGANIZATIONNAME = "莫林是个好孩子";
				TargetAttributes = {
					79BDA27D1C1142D70049F912 = {
						CreatedOnToolsVersion = 7.1.1;
					};
					79BDA2961C1142D70049F912 = {
						CreatedOnToolsVersion = 7.1.1;
						TestTargetID = 79BDA27D1C1142D70049F912;
					};
					79BDA2A11C1142D70049F912 = {
						CreatedOnToolsVersion = 7.1.1;
						TestTargetID = 79BDA27D1C1142D70049F912;
					};
				};
			};
			buildConfigurationList = 79BDA2791C1142D60049F912 /* Build configuration list for PBXProject "Creat_A_Simple_Project" */;
			compatibilityVersion = "Xcode 3.2";
			developmentRegion = English;
			hasScannedForEncodings = 0;
			knownRegions = (
				en,
				Base,
			);
			mainGroup = 79BDA2751C1142D60049F912;
			productRefGroup = 79BDA27F1C1142D70049F912 /* Products */;
			projectDirPath = "";
			projectRoot = "";
			targets = (
				79BDA27D1C1142D70049F912 /* Creat_A_Simple_Project */,
				79BDA2961C1142D70049F912 /* Creat_A_Simple_ProjectTests */,
				79BDA2A11C1142D70049F912 /* Creat_A_Simple_ProjectUITests */,
			);
		};
/* End PBXProject section */

/* Begin PBXResourcesBuildPhase section */
		79BDA27C1C1142D70049F912 /* Resources */ = {
			isa = PBXResourcesBuildPhase;
			buildActionMask = 2147483647;
			files = (
				79BDA2911C1142D70049F912 /* LaunchScreen.storyboard in Resources */,
				79BDA28E1C1142D70049F912 /* Assets.xcassets in Resources */,
				79BDA28C1C1142D70049F912 /* Main.storyboard in Resources */,
			);
			runOnlyForDeploymentPostprocessing = 0;
		};
		79BDA2951C1142D70049F912 /* Resources */ = {
			isa = PBXResourcesBuildPhase;
			buildActionMask = 2147483647;
			files = (
			);
			runOnlyForDeploymentPostprocessing = 0;
		};
		79BDA2A01C1142D70049F912 /* Resources */ = {
			isa = PBXResourcesBuildPhase;
			buildActionMask = 2147483647;
			files = (
			);
			runOnlyForDeploymentPostprocessing = 0;
		};
/* End PBXResourcesBuildPhase section */

/* Begin PBXSourcesBuildPhase section */
		79BDA27A1C1142D70049F912 /* Sources */ = {
			isa = PBXSourcesBuildPhase;
			buildActionMask = 2147483647;
			files = (
				79BDA2861C1142D70049F912 /* AppDelegate.m in Sources */,
				79BDA2BC1C1144E00049F912 /* BaseViewController.m in Sources */,
				79BDA2831C1142D70049F912 /* main.m in Sources */,
				79BDA2B91C1144B60049F912 /* MainNavigationController.m in Sources */,
				79BDA2B61C1144970049F912 /* MainTabBarController.m in Sources */,
			);
			runOnlyForDeploymentPostprocessing = 0;
		};
		79BDA2931C1142D70049F912 /* Sources */ = {
			isa = PBXSourcesBuildPhase;
			buildActionMask = 2147483647;
			files = (
				79BDA29C1C1142D70049F912 /* Creat_A_Simple_ProjectTests.m in Sources */,
			);
			runOnlyForDeploymentPostprocessing = 0;
		};
		79BDA29E1C1142D70049F912 /* Sources */ = {
			isa = PBXSourcesBuildPhase;
			buildActionMask = 2147483647;
			files = (
				79BDA2A71C1142D70049F912 /* Creat_A_Simple_ProjectUITests.m in Sources */,
			);
			runOnlyForDeploymentPostprocessing = 0;
		};
/* End PBXSourcesBuildPhase section */

/* Begin PBXTargetDependency section */
		79BDA2991C1142D70049F912 /* PBXTargetDependency */ = {
			isa = PBXTargetDependency;
			target = 79BDA27D1C1142D70049F912 /* Creat_A_Simple_Project */;
			targetProxy = 79BDA2981C1142D70049F912 /* PBXContainerItemProxy */;
		};
		79BDA2A41C1142D70049F912 /* PBXTargetDependency */ = {
			isa = PBXTargetDependency;
			target = 79BDA27D1C1142D70049F912 /* Creat_A_Simple_Project */;
			targetProxy = 79BDA2A31C1142D70049F912 /* PBXContainerItemProxy */;
		};
/* End PBXTargetDependency section */

/* Begin PBXVariantGroup section */
		79BDA28A1C1142D70049F912 /* Main.storyboard */ = {
			isa = PBXVariantGroup;
			children = (
				79BDA28B1C1142D70049F912 /* Base */,
			);
			name = Main.storyboard;
			sourceTree = "<group>";
		};
		79BDA28F1C1142D70049F912 /* LaunchScreen.storyboard */ = {
			isa = PBXVariantGroup;
			children = (
				79BDA2901C1142D70049F912 /* Base */,
			);
			name = LaunchScreen.storyboard;
			sourceTree = "<group>";
		};
/* End PBXVariantGroup section */

/* Begin XCBuildConfiguration section */
		79BDA2A91C1142D70049F912 /* Debug */ = {
			isa = XCBuildConfiguration;
			buildSettings = {
				ALWAYS_SEARCH_USER_PATHS = NO;
				CLANG_CXX_LANGUAGE_STANDARD = "gnu++0x";
				CLANG_CXX_LIBRARY = "libc++";
				CLANG_ENABLE_MODULES = YES;
				CLANG_ENABLE_OBJC_ARC = YES;
				CLANG_WARN_BOOL_CONVERSION = YES;
				CLANG_WARN_CONSTANT_CONVERSION = YES;
				CLANG_WARN_DIRECT_OBJC_ISA_USAGE = YES_ERROR;
				CLANG_WARN_EMPTY_BODY = YES;
				CLANG_WARN_ENUM_CONVERSION = YES;
				CLANG_WARN_INT_CONVERSION = YES;
				CLANG_WARN_OBJC_ROOT_CLASS = YES_ERROR;
				CLANG_WARN_UNREACHABLE_CODE = YES;
				CLANG_WARN__DUPLICATE_METHOD_MATCH = YES;
				"CODE_SIGN_IDENTITY[sdk=iphoneos*]" = "iPhone Developer";
				COPY_PHASE_STRIP = NO;
				DEBUG_INFORMATION_FORMAT = dwarf;
				ENABLE_STRICT_OBJC_MSGSEND = YES;
				ENABLE_TESTABILITY = YES;
				GCC_C_LANGUAGE_STANDARD = gnu99;
				GCC_DYNAMIC_NO_PIC = NO;
				GCC_NO_COMMON_BLOCKS = YES;
				GCC_OPTIMIZATION_LEVEL = 0;
				GCC_PREPROCESSOR_DEFINITIONS = (
					"DEBUG=1",
					"$(inherited)",
				);
				GCC_WARN_64_TO_32_BIT_CONVERSION = YES;
				GCC_WARN_ABOUT_RETURN_TYPE = YES_ERROR;
				GCC_WARN_UNDECLARED_SELECTOR = YES;
				GCC_WARN_UNINITIALIZED_AUTOS = YES_AGGRESSIVE;
				GCC_WARN_UNUSED_FUNCTION = YES;
				GCC_WARN_UNUSED_VARIABLE = YES;
				IPHONEOS_DEPLOYMENT_TARGET = 9.1;
				MTL_ENABLE_DEBUG_INFO = YES;
				ONLY_ACTIVE_ARCH = YES;
				SDKROOT = iphoneos;
			};
			name = Debug;
		};
		79BDA2AA1C1142D70049F912 /* Release */ = {
			isa = XCBuildConfiguration;
			buildSettings = {
				ALWAYS_SEARCH_USER_PATHS = NO;
				CLANG_CXX_LANGUAGE_STANDARD = "gnu++0x";
				CLANG_CXX_LIBRARY = "libc++";
				CLANG_ENABLE_MODULES = YES;
				CLANG_ENABLE_OBJC_ARC = YES;
				CLANG_WARN_BOOL_CONVERSION = YES;
				CLANG_WARN_CONSTANT_CONVERSION = YES;
				CLANG_WARN_DIRECT_OBJC_ISA_USAGE = YES_ERROR;
				CLANG_WARN_EMPTY_BODY = YES;
				CLANG_WARN_ENUM_CONVERSION = YES;
				CLANG_WARN_INT_CONVERSION = YES;
				CLANG_WARN_OBJC_ROOT_CLASS = YES_ERROR;
				CLANG_WARN_UNREACHABLE_CODE = YES;
				CLANG_WARN__DUPLICATE_METHOD_MATCH = YES;
				"CODE_SIGN_IDENTITY[sdk=iphoneos*]" = "iPhone Developer";
				COPY_PHASE_STRIP = NO;
				DEBUG_INFORMATION_FORMAT = "dwarf-with-dsym";
				ENABLE_NS_ASSERTIONS = NO;
				ENABLE_STRICT_OBJC_MSGSEND = YES;
				GCC_C_LANGUAGE_STANDARD = gnu99;
				GCC_NO_COMMON_BLOCKS = YES;
				GCC_WARN_64_TO_32_BIT_CONVERSION = YES;
				GCC_WARN_ABOUT_RETURN_TYPE = YES_ERROR;
				GCC_WARN_UNDECLARED_SELECTOR = YES;
				GCC_WARN_UNINITIALIZED_AUTOS = YES_AGGRESSIVE;
				GCC_WARN_UNUSED_FUNCTION = YES;
				GCC_WARN_UNUSED_VARIABLE = YES;
				IPHONEOS_DEPLOYMENT_TARGET = 9.1;
				MTL_ENABLE_DEBUG_INFO = NO;
				SDKROOT = iphoneos;
				VALIDATE_PRODUCT = YES;
			};
			name = Release;
		};
		79BDA2AC1C1142D70049F912 /* Debug */ = {
			isa = XCBuildConfiguration;
			buildSettings = {
				ASSETCATALOG_COMPILER_APPICON_NAME = AppIcon;
				INFOPLIST_FILE = Creat_A_Simple_Project/Info.plist;
				LD_RUNPATH_SEARCH_PATHS = "$(inherited) @executable_path/Frameworks";
				PRODUCT_BUNDLE_IDENTIFIER = "com.github-Walxyy.Creat-A-Simple-Project";
				PRODUCT_NAME = "$(TARGET_NAME)";
			};
			name = Debug;
		};
		79BDA2AD1C1142D70049F912 /* Release */ = {
			isa = XCBuildConfiguration;
			buildSettings = {
				ASSETCATALOG_COMPILER_APPICON_NAME = AppIcon;
				INFOPLIST_FILE = Creat_A_Simple_Project/Info.plist;
				LD_RUNPATH_SEARCH_PATHS = "$(inherited) @executable_path/Frameworks";
				PRODUCT_BUNDLE_IDENTIFIER = "com.github-Walxyy.Creat-A-Simple-Project";
				PRODUCT_NAME = "$(TARGET_NAME)";
			};
			name = Release;
		};
		79BDA2AF1C1142D70049F912 /* Debug */ = {
			isa = XCBuildConfiguration;
			buildSettings = {
				BUNDLE_LOADER = "$(TEST_HOST)";
				INFOPLIST_FILE = Creat_A_Simple_ProjectTests/Info.plist;
				LD_RUNPATH_SEARCH_PATHS = "$(inherited) @executable_path/Frameworks @loader_path/Frameworks";
				PRODUCT_BUNDLE_IDENTIFIER = "com.github-Walxyy.Creat-A-Simple-ProjectTests";
				PRODUCT_NAME = "$(TARGET_NAME)";
				TEST_HOST = "$(BUILT_PRODUCTS_DIR)/Creat_A_Simple_Project.app/Creat_A_Simple_Project";
			};
			name = Debug;
		};
		79BDA2B01C1142D70049F912 /* Release */ = {
			isa = XCBuildConfiguration;
			buildSettings = {
				BUNDLE_LOADER = "$(TEST_HOST)";
				INFOPLIST_FILE = Creat_A_Simple_ProjectTests/Info.plist;
				LD_RUNPATH_SEARCH_PATHS = "$(inherited) @executable_path/Frameworks @loader_path/Frameworks";
				PRODUCT_BUNDLE_IDENTIFIER = "com.github-Walxyy.Creat-A-Simple-ProjectTests";
				PRODUCT_NAME = "$(TARGET_NAME)";
				TEST_HOST = "$(BUILT_PRODUCTS_DIR)/Creat_A_Simple_Project.app/Creat_A_Simple_Project";
			};
			name = Release;
		};
		79BDA2B21C1142D70049F912 /* Debug */ = {
			isa = XCBuildConfiguration;
			buildSettings = {
				INFOPLIST_FILE = Creat_A_Simple_ProjectUITests/Info.plist;
				LD_RUNPATH_SEARCH_PATHS = "$(inherited) @executable_path/Frameworks @loader_path/Frameworks";
				PRODUCT_BUNDLE_IDENTIFIER = "com.github-Walxyy.Creat-A-Simple-ProjectUITests";
				PRODUCT_NAME = "$(TARGET_NAME)";
				TEST_TARGET_NAME = Creat_A_Simple_Project;
				USES_XCTRUNNER = YES;
			};
			name = Debug;
		};
		79BDA2B31C1142D70049F912 /* Release */ = {
			isa = XCBuildConfiguration;
			buildSettings = {
				INFOPLIST_FILE = Creat_A_Simple_ProjectUITests/Info.plist;
				LD_RUNPATH_SEARCH_PATHS = "$(inherited) @executable_path/Frameworks @loader_path/Frameworks";
				PRODUCT_BUNDLE_IDENTIFIER = "com.github-Walxyy.Creat-A-Simple-ProjectUITests";
				PRODUCT_NAME = "$(TARGET_NAME)";
				TEST_TARGET_NAME = Creat_A_Simple_Project;
				USES_XCTRUNNER = YES;
			};
			name = Release;
		};
/* End XCBuildConfiguration section */

/* Begin XCConfigurationList section */
		79BDA2791C1142D60049F912 /* Build configuration list for PBXProject "Creat_A_Simple_Project" */ = {
			isa = XCConfigurationList;
			buildConfigurations = (
				79BDA2A91C1142D70049F912 /* Debug */,
				79BDA2AA1C1142D70049F912 /* Release */,
			);
			defaultConfigurationIsVisible = 0;
			defaultConfigurationName = Release;
		};
		79BDA2AB1C1142D70049F912 /* Build configuration list for PBXNativeTarget "Creat_A_Simple_Project" */ = {
			isa = XCConfigurationList;
			buildConfigurations = (
				79BDA2AC1C1142D70049F912 /* Debug */,
				79BDA2AD1C1142D70049F912 /* Release */,
			);
			defaultConfigurationIsVisible = 0;
		};
		79BDA2AE1C1142D70049F912 /* Build configuration list for PBXNativeTarget "Creat_A_Simple_ProjectTests" */ = {
			isa = XCConfigurationList;
			buildConfigurations = (
				79BDA2AF1C1142D70049F912 /* Debug */,
				79BDA2B01C1142D70049F912 /* Release */,
			);
			defaultConfigurationIsVisible = 0;
		};
		79BDA2B11C1142D70049F912 /* Build configuration list for PBXNativeTarget "Creat_A_Simple_ProjectUITests" */ = {
			isa = XCConfigurationList;
			buildConfigurations = (
				79BDA2B21C1142D70049F912 /* Debug */,
				79BDA2B31C1142D70049F912 /* Release */,
			);
			defaultConfigurationIsVisible = 0;
		};
/* End XCConfigurationList section */
	};
	rootObject = 79BDA2761C1142D60049F912 /* Project object */;
}
